# THIS IS AN AUTOGENERATED FILE. DO NOT EDIT THIS FILE DIRECTLY.
# yarn lockfile v1


"@vant/weapp@^1.10.2":
  version "1.10.2"
  resolved "https://registry.yarnpkg.com/@vant/weapp/-/weapp-1.10.2.tgz#013fbf2fdc6d59d9e92bb82a0f772f032fb52945"
  integrity sha512-caqA0xQxM4lMRncFsRPPVMDdEzUBCJ4xdFXuKReXpEU3qwnVIP/WIjVDIi7mWyS7xqz8C9WfSW5JL4PrlSq31w==

apifm-wxapi@^3.35.0:
  version "3.54.2"
  resolved "https://registry.yarnpkg.com/apifm-wxapi/-/apifm-wxapi-3.54.2.tgz#c2f9b6bc88d987d6f19f9afefeca79db86221a21"
  integrity sha512-P188yWGs21mN1bt/eAQtkXrJvBKhAICaYvLmHFx/T3yTY+MzaqSCySxY7U9WzzBTr+UMdOqStMCBPtPBl5fNBg==

jsbn@^1.1.0:
  version "1.1.0"
  resolved "https://registry.yarnpkg.com/jsbn/-/jsbn-1.1.0.tgz#b01307cb29b618a1ed26ec79e911f803c4da0040"
  integrity sha1-sBMHyym2GKHtJux56RH4A8TaAEA=

miniprogram-sm-crypto@^0.2.1:
  version "0.2.7"
  resolved "https://registry.yarnpkg.com/miniprogram-sm-crypto/-/miniprogram-sm-crypto-0.2.7.tgz#8fdde59d909822c6adbee7a880bb0fe1cac25882"
  integrity sha512-/lFMt/dipKxDjV1LNyfJgwHDc+OA9O9JD6J0yqpXPTzohP46oD76Xm8s8cGydK2CPYcy2dLnS/dp7beLCaoZfg==
  dependencies:
    jsbn "^1.1.0"

tim-upload-plugin@^1.0.1:
  version "1.0.4"
  resolved "https://registry.yarnpkg.com/tim-upload-plugin/-/tim-upload-plugin-1.0.4.tgz#b23d60b3c21cb9ffa9fa828e71062cbb619f1c2c"
  integrity sha512-Ib/Ql5vdKoLg2wSFBQ34nzBnaUFa6IxiV8060BF+RnWVlhBZSd3MpBXT32wWcmPj/Sl2yOSCM+dC4fn1sm+y/w==

tim-wx-sdk-ws@^2.11.1:
  version "2.12.0"
  resolved "https://registry.yarnpkg.com/tim-wx-sdk-ws/-/tim-wx-sdk-ws-2.12.0.tgz#4cd6f48cadd32d34f00f5261cb2e6b1049abc92a"
  integrity sha512-BumXghLCRa4W9v9yafCTBH7di3cIMCPXfYj0BTaJtajBzFzEVDnJh+eRqS1bBDN1fi9qu8ksfhfzVyTsqg1yBA==

weui-miniprogram@^1.1.0:
  version "1.2.3"
  resolved "https://registry.yarnpkg.com/weui-miniprogram/-/weui-miniprogram-1.2.3.tgz#c966cdd56ec3e73c11ed8caff884fad10076feea"
  integrity sha512-PFlPKnIVTkt3CMrasTVKFEoDO4kfy1i3p4g8iU255ydZnxieGpHGa1d5gvVH9qpmxMPoIpjN57YoP/drLbJQrg==
